# THIS IS AN AUTOGENERATED FILE. DO NOT EDIT THIS FILE DIRECTLY.
# yarn lockfile v1


"@date-fns/tz@^1.4.1":
  version "1.4.1"
  resolved "https://registry.yarnpkg.com/@date-fns/tz/-/tz-1.4.1.tgz#2d905f282304630e07bef6d02d2e7dbf3f0cc4e4"
  integrity sha512-P5LUNhtbj6YfI3iJjw5EL9eUAG6OitD0W3fWQcpQjDRc/QIsL0tRNuO1PcDvPccWL1fSTXXdE1ds+l95DV/OFA==

date-fns-jalali@^4.1.0-0:
  version "4.1.0-0"
  resolved "https://registry.yarnpkg.com/date-fns-jalali/-/date-fns-jalali-4.1.0-0.tgz#9c7fb286004fab267a300d3e9f1ada9f10b4b6b0"
  integrity sha512-hTIP/z+t+qKwBDcmmsnmjWTduxCg+5KfdqWQvb2X/8C9+knYY6epN/pfxdDuyVlSVeFz0sM5eEfwIUQ70U4ckg==

date-fns@^4.1.0:
  version "4.1.0"
  resolved "https://registry.yarnpkg.com/date-fns/-/date-fns-4.1.0.tgz#64b3d83fff5aa80438f5b1a633c2e83b8a1c2d14"
  integrity sha512-Ukq0owbQXxa/U3EGtsdVBkR1w7KOQ5gIBqdH2hkvknzZPYvBxb/aa6E8L7tmjFtkwZBu3UXBbjIgPo/Ez4xaNg==

react-day-picker@^9.13.0:
  version "9.13.0"
  resolved "https://registry.yarnpkg.com/react-day-picker/-/react-day-picker-9.13.0.tgz#889a0ee413881abdc295109e775235c8a046c4dc"
  integrity sha512-euzj5Hlq+lOHqI53NiuNhCP8HWgsPf/bBAVijR50hNaY1XwjKjShAnIe8jm8RD2W9IJUvihDIZ+KrmqfFzNhFQ==
  dependencies:
    "@date-fns/tz" "^1.4.1"
    date-fns "^4.1.0"
    date-fns-jalali "^4.1.0-0"
